
Microsoft Visual Studio Solution File, Format Version 11.00
# Visual Studio 2010
Project("{FAE04EC0-301F-11D3-BF4B-00C04F79EFBC}") = "Statistic", "Statistic\Statistic.csproj", "{C9D5A382-D3D2-4529-A757-D4CA5BCEF690}"
EndProject
Project("{FAE04EC0-301F-11D3-BF4B-00C04F79EFBC}") = "StatisticCommon", "StatisticLibrary\StatisticCommon.csproj", "{9C402674-532B-4224-97F0-DB10C04F527F}"
EndProject
Project("{FAE04EC0-301F-11D3-BF4B-00C04F79EFBC}") = "trans_gtp", "trans_gtp\trans_gtp.csproj", "{968B1F18-36AD-4188-A598-F54E9CDECE64}"
EndProject
Project("{FAE04EC0-301F-11D3-BF4B-00C04F79EFBC}") = "trans_tg", "trans_tg\trans_tg.csproj", "{C8C4165F-30C8-47E6-B15A-D3CB1431DE60}"
EndProject
Global
	GlobalSection(SolutionConfigurationPlatforms) = preSolution
		Debug|Any CPU = Debug|Any CPU
		Debug|Mixed Platforms = Debug|Mixed Platforms
		Debug|x86 = Debug|x86
		Release|Any CPU = Release|Any CPU
		Release|Mixed Platforms = Release|Mixed Platforms
		Release|x86 = Release|x86
	EndGlobalSection
	GlobalSection(ProjectConfigurationPlatforms) = postSolution
		{C9D5A382-D3D2-4529-A757-D4CA5BCEF690}.Debug|Any CPU.ActiveCfg = Debug|Any CPU
		{C9D5A382-D3D2-4529-A757-D4CA5BCEF690}.Debug|Any CPU.Build.0 = Debug|Any CPU
		{C9D5A382-D3D2-4529-A757-D4CA5BCEF690}.Debug|Mixed Platforms.ActiveCfg = Debug|Any CPU
		{C9D5A382-D3D2-4529-A757-D4CA5BCEF690}.Debug|Mixed Platforms.Build.0 = Debug|Any CPU
		{C9D5A382-D3D2-4529-A757-D4CA5BCEF690}.Debug|x86.ActiveCfg = Debug|Any CPU
		{C9D5A382-D3D2-4529-A757-D4CA5BCEF690}.Release|Any CPU.ActiveCfg = Release|Any CPU
		{C9D5A382-D3D2-4529-A757-D4CA5BCEF690}.Release|Any CPU.Build.0 = Release|Any CPU
		{C9D5A382-D3D2-4529-A757-D4CA5BCEF690}.Release|Mixed Platforms.ActiveCfg = Release|Any CPU
		{C9D5A382-D3D2-4529-A757-D4CA5BCEF690}.Release|Mixed Platforms.Build.0 = Release|Any CPU
		{C9D5A382-D3D2-4529-A757-D4CA5BCEF690}.Release|x86.ActiveCfg = Release|Any CPU
		{9C402674-532B-4224-97F0-DB10C04F527F}.Debug|Any CPU.ActiveCfg = Debug|Any CPU
		{9C402674-532B-4224-97F0-DB10C04F527F}.Debug|Any CPU.Build.0 = Debug|Any CPU
		{9C402674-532B-4224-97F0-DB10C04F527F}.Debug|Mixed Platforms.ActiveCfg = Debug|Any CPU
		{9C402674-532B-4224-97F0-DB10C04F527F}.Debug|Mixed Platforms.Build.0 = Debug|Any CPU
		{9C402674-532B-4224-97F0-DB10C04F527F}.Debug|x86.ActiveCfg = Debug|Any CPU
		{9C402674-532B-4224-97F0-DB10C04F527F}.Release|Any CPU.ActiveCfg = Release|Any CPU
		{9C402674-532B-4224-97F0-DB10C04F527F}.Release|Any CPU.Build.0 = Release|Any CPU
		{9C402674-532B-4224-97F0-DB10C04F527F}.Release|Mixed Platforms.ActiveCfg = Release|Any CPU
		{9C402674-532B-4224-97F0-DB10C04F527F}.Release|Mixed Platforms.Build.0 = Release|Any CPU
		{9C402674-532B-4224-97F0-DB10C04F527F}.Release|x86.ActiveCfg = Release|Any CPU
		{968B1F18-36AD-4188-A598-F54E9CDECE64}.Debug|Any CPU.ActiveCfg = Debug|x86
		{968B1F18-36AD-4188-A598-F54E9CDECE64}.Debug|Mixed Platforms.ActiveCfg = Debug|x86
		{968B1F18-36AD-4188-A598-F54E9CDECE64}.Debug|Mixed Platforms.Build.0 = Debug|x86
		{968B1F18-36AD-4188-A598-F54E9CDECE64}.Debug|x86.ActiveCfg = Debug|x86
		{968B1F18-36AD-4188-A598-F54E9CDECE64}.Debug|x86.Build.0 = Debug|x86
		{968B1F18-36AD-4188-A598-F54E9CDECE64}.Release|Any CPU.ActiveCfg = Release|x86
		{968B1F18-36AD-4188-A598-F54E9CDECE64}.Release|Mixed Platforms.ActiveCfg = Release|x86
		{968B1F18-36AD-4188-A598-F54E9CDECE64}.Release|Mixed Platforms.Build.0 = Release|x86
		{968B1F18-36AD-4188-A598-F54E9CDECE64}.Release|x86.ActiveCfg = Release|x86
		{968B1F18-36AD-4188-A598-F54E9CDECE64}.Release|x86.Build.0 = Release|x86
		{C8C4165F-30C8-47E6-B15A-D3CB1431DE60}.Debug|Any CPU.ActiveCfg = Debug|x86
		{C8C4165F-30C8-47E6-B15A-D3CB1431DE60}.Debug|Mixed Platforms.ActiveCfg = Debug|x86
		{C8C4165F-30C8-47E6-B15A-D3CB1431DE60}.Debug|Mixed Platforms.Build.0 = Debug|x86
		{C8C4165F-30C8-47E6-B15A-D3CB1431DE60}.Debug|x86.ActiveCfg = Debug|x86
		{C8C4165F-30C8-47E6-B15A-D3CB1431DE60}.Debug|x86.Build.0 = Debug|x86
		{C8C4165F-30C8-47E6-B15A-D3CB1431DE60}.Release|Any CPU.ActiveCfg = Release|x86
		{C8C4165F-30C8-47E6-B15A-D3CB1431DE60}.Release|Mixed Platforms.ActiveCfg = Release|x86
		{C8C4165F-30C8-47E6-B15A-D3CB1431DE60}.Release|Mixed Platforms.Build.0 = Release|x86
		{C8C4165F-30C8-47E6-B15A-D3CB1431DE60}.Release|x86.ActiveCfg = Release|x86
		{C8C4165F-30C8-47E6-B15A-D3CB1431DE60}.Release|x86.Build.0 = Release|x86
	EndGlobalSection
	GlobalSection(SolutionProperties) = preSolution
		HideSolutionNode = FALSE
	EndGlobalSection
EndGlobal
